github.com/cenkalti/backoff/v5 v5.0.3 h1:ZN+IMa753KfX5hd8vVaMixjnqRZ3y8CuJKRKj1xcsSM=
github.com/cenkalti/backoff/v5 v5.0.3/go.mod h1:rkhZdG3JZukswDf7f0cwqPNk4K0sa+F97BxZthm/crw=
github.com/cespare/xxhash/v2 v2.3.0 h1:UL815xU9SqsFlibzuggzjXhog7bL6oX9BbNZnL2UFvs=
github.com/cespare/xxhash/v2 v2.3.0/go.mod h1:VGX0DQ3Q6kWi7AoAeZDth3/j3BFtOZR5XLFGgcrjCOs=
github.com/go-logr/logr v1.2.2/go.mod h1:jdQByPbusPIv2/zmleS9BjJVeZ6kBagPoEUsqbVz/1A=
github.com/go-logr/logr v1.4.3 h1:CjnDlHq8ikf6E492q6eKboGOC0T8CDaOvkHCIg8idEI=
github.com/go-logr/logr v1.4.3/go.mod h1:9T104GzyrTigFIr8wt5mBrctHMim0Nb2HLGrmQ40KvY=
github.com/go-logr/stdr v1.2.2 h1:hSWxHoqTgW2S2qGc0LTAI563KZ5YKYRhT3MFKZMbjag=
github.com/go-logr/stdr v1.2.2/go.mod h1:mMo/vtBO5dYbehREoey6XUKy/eSumjCCveDpRre4VKE=
github.com/golang/crypto v0.48.0 h1:UFVUe9cRy2WucXGUH7cVx8FBGoL9QRnH8J3/GLFHAes=
github.com/golang/crypto v0.48.0/go.mod h1:r0kV5h3qnFPlQnBSrULhlsRfryS2pmewsg+XfMgkVos=
github.com/golang/exp v0.0.0-20240325151524-a685a6edb6d8 h1:LRfUCH5jXWGqafc3CVQcNdlUP3weYNekV3B0Yar0JEQ=
github.com/golang/exp v0.0.0-20240325151524-a685a6edb6d8/go.mod h1:CQ1k9gNrJ50XIzaKCRR2hssIjF07kZFEiieALBM/ARQ=
github.com/golang/mod v0.33.0 h1:YPCG+wBGmDjXuuoS+DaN9mB/YhHsec/rcw0994sOwQM=
github.com/golang/mod v0.33.0/go.mod h1:swjeQEj+6r7fODbD2cqrnje9PnziFuw4bmLbBZFrQ5w=
github.com/golang/sync v0.19.0 h1:abSfboE1MPN0bNejEArKd1kaMC5lF4Zt4sItS8A3B5o=
github.com/golang/sync v0.19.0/go.mod h1:9KTHXmSnoGruLpwFjVSX0lNNA75CykiMECbovNTZqGI=
github.com/hashicorp/golang-lru/v2 v2.0.7 h1:a+bsQ5rvGLjzHuww6tVxozPZFVghXaHOwFs4luLUK2k=
github.com/hashicorp/golang-lru/v2 v2.0.7/go.mod h1:QeFd9opnmA6QUJc5vARoKUSoFhyfM2/ZepoAG6RGpeM=
github.com/kubernetes/klog/v2 v2.130.1 h1:LKiRim0YAjcTJNAqklhD1wQ01SCQF8bfclYvDhHLVGo=
github.com/kubernetes/klog/v2 v2.130.1/go.mod h1:3Jpz1GvMt720eyJH1ckRHK1EDfpxISzJ7I9OYgaDtPE=
github.com/open-telemetry/opentelemetry-go v1.40.0 h1:h/CuAZ6iq2F13f5w5AqEo5phSD/pioAjDGGj0+RdHWc=
github.com/open-telemetry/opentelemetry-go v1.40.0/go.mod h1:IMb+uXZUKkMXdPddhwAHm6UfOwJyh4ct1ybIlV14J0g=
github.com/open-telemetry/opentelemetry-go-instrumentation/sdk v1.2.1 h1:JWC1GDOcmalGjqPMgf8gJFo7HrToUBytZiBhpGx823o=
github.com/open-telemetry/opentelemetry-go-instrumentation/sdk v1.2.1/go.mod h1:KRTj+aOaElaLi+wW1kO/DZRXwkF4C5xPbEe3ZiIhN7Y=
github.com/open-telemetry/opentelemetry-go/metric v1.40.0 h1:F/xc/Cj9PWbVHc+0L4gXQnUj5pImyZLzkhzh3uFEpAs=
github.com/open-telemetry/opentelemetry-go/metric v1.40.0/go.mod h1:ib/crwQH7N3r5kfiBZQbwrTge743UDc7DTFVZrrXnqc=
github.com/open-telemetry/opentelemetry-go/trace v1.40.0 h1:eg53F1a0/0Axmb76bU+fz2i1PdGahdyXtsY8OoQroPo=
github.com/open-telemetry/opentelemetry-go/trace v1.40.0/go.mod h1:zeAhriXecNGP/s2SEG3+Y8X9ujcJOTqQ5RgdEJcawiA=
github.com/transparency-dev/formats v0.0.0-20251017110053-404c0d5b696c h1:5a2XDQ2LiAUV+/RjckMyq9sXudfrPSuCY4FuPC1NyAw=
github.com/transparency-dev/formats v0.0.0-20251017110053-404c0d5b696c/go.mod h1:g85IafeFJZLxlzZCDRu4JLpfS7HKzR+Hw9qRh3bVzDI=
github.com/transparency-dev/merkle v0.0.2 h1:Q9nBoQcZcgPamMkGn7ghV8XiTZ/kRxn1yCG81+twTK4=
github.com/transparency-dev/merkle v0.0.2/go.mod h1:pqSy+OXefQ1EDUVmAJ8MUhHB9TXGuzVAT58PqBoHz1A=
github.com/transparency-dev/tessera v1.0.2 h1:PNfGPFfJHpCFVswlrsQvRghxqYz2xy/OtP8qTjJuzFQ=
github.com/transparency-dev/tessera v1.0.2/go.mod h1:WD/EMM6RXWRyImk9yyJ2hrs8xdknN/lpwUrFR2GemfU=
